
Microsoft Visual Studio Solution File, Format Version 12.00
Project("{FAE04EC0-301F-11D3-BF4B-00C04F79EFBC}") = "Server", "Server\Server.csproj", "{37209ED1-1C45-4AEA-8943-800ED398C66C}"
EndProject
Project("{2150E333-8FDC-42A3-9474-1A3956D46DE8}") = "Solution Items", "Solution Items", "{8B92D739-4044-4746-B5FE-1B5346F6E081}"
	ProjectSection(SolutionItems) = preProject
		docker-compose.yaml = docker-compose.yaml
	EndProjectSection
EndProject
Global
	GlobalSection(SolutionConfigurationPlatforms) = preSolution
		Debug|Any CPU = Debug|Any CPU
		Release|Any CPU = Release|Any CPU
	EndGlobalSection
	GlobalSection(ProjectConfigurationPlatforms) = postSolution
		{37209ED1-1C45-4AEA-8943-800ED398C66C}.Debug|Any CPU.ActiveCfg = Debug|Any CPU
		{37209ED1-1C45-4AEA-8943-800ED398C66C}.Debug|Any CPU.Build.0 = Debug|Any CPU
		{37209ED1-1C45-4AEA-8943-800ED398C66C}.Release|Any CPU.ActiveCfg = Release|Any CPU
		{37209ED1-1C45-4AEA-8943-800ED398C66C}.Release|Any CPU.Build.0 = Release|Any CPU
	EndGlobalSection
EndGlobal
